{
    "name": "github-actions-learning",
    "lockfileVersion": 3,
    "requires": true,
    "packages": {
        "": {
            "dependencies": {
                "discloud.app": "^0.6.3",
                "dotenv": "^16.0.3",
                "oceanic.js": "^1.5.0",
                "typescript": "^4.9.5"
            }
        },
        "node_modules/@discloudapp/api-types": {
            "version": "0.2.7",
            "resolved": "https://registry.npmjs.org/@discloudapp/api-types/-/api-types-0.2.7.tgz",
            "integrity": "sha512-i1tkPF6M6BBxICU2Z0W6GRtYGgzvcVTAHt1sQZYeE9V1TPM+clq4iOgWvuN9/r2Uq9j6oLynB2r0TeMnRd5VQg=="
        },
        "node_modules/@discloudapp/rest": {
            "version": "0.6.0",
            "resolved": "https://registry.npmjs.org/@discloudapp/rest/-/rest-0.6.0.tgz",
            "integrity": "sha512-yKGU/J4/GxiiRRcRr4Y21P3SoOPBM1dtqJnv6otblufGiUqW01zh733Nj/nGFaRLAVPtsRTFOzbCuDrEeiozoA==",
            "dependencies": {
                "@discloudapp/api-types": "^0.2.7",
                "@discloudapp/util": "^0.3.10",
                "undici": "^5.20.0"
            },
            "engines": {
                "node": ">=16"
            }
        },
        "node_modules/@discloudapp/util": {
            "version": "0.3.12",
            "resolved": "https://registry.npmjs.org/@discloudapp/util/-/util-0.3.12.tgz",
            "integrity": "sha512-IA/lnCOzptkpZzuy36YC6CERxzK8ukBjqccjcYlYRKOiQOc8lduVOTf8QRw9CVqbngi/l57hJZ8zkP96m/tg3Q==",
            "dependencies": {
                "fs-jetpack": "^5.1.0",
                "undici": "^5.20.0"
            }
        },
        "node_modules/@discordjs/voice": {
            "version": "0.14.0",
            "resolved": "https://registry.npmjs.org/@discordjs/voice/-/voice-0.14.0.tgz",
            "integrity": "sha512-/LV8LSFuJ1c4OEW1ubPg3al2QNpUpwX8ZL+KL+LORmnUFVCtehSaEh+38uDfWg1O/TgiGI5vOLj4ZKql43drcw==",
            "optional": true,
            "dependencies": {
                "@types/ws": "^8.5.3",
                "discord-api-types": "^0.37.20",
                "prism-media": "^1.3.4",
                "tslib": "^2.4.1",
                "ws": "^8.11.0"
            },
            "engines": {
                "node": ">=16.9.0"
            }
        },
        "node_modules/@types/node": {
            "version": "18.14.2",
            "resolved": "https://registry.npmjs.org/@types/node/-/node-18.14.2.tgz",
            "integrity": "sha512-1uEQxww3DaghA0RxqHx0O0ppVlo43pJhepY51OxuQIKHpjbnYLA7vcdwioNPzIqmC2u3I/dmylcqjlh0e7AyUA==",
            "optional": true
        },
        "node_modules/@types/ws": {
            "version": "8.5.4",
            "resolved": "https://registry.npmjs.org/@types/ws/-/ws-8.5.4.tgz",
            "integrity": "sha512-zdQDHKUgcX/zBc4GrwsE/7dVdAD8JR4EuiAXiiUhhfyIJXXb2+PrGshFyeXWQPMmmZ2XxgaqclgpIC7eTXc1mg==",
            "optional": true,
            "dependencies": {
                "@types/node": "*"
            }
        },
        "node_modules/balanced-match": {
            "version": "1.0.2",
            "resolved": "https://registry.npmjs.org/balanced-match/-/balanced-match-1.0.2.tgz",
            "integrity": "sha512-3oSeUO0TMV67hN1AmbXsK4yaqU7tjiHlbxRDZOpH0KW9+CeX4bRAaX0Anxt0tx2MrpRpWwQaPwIlISEJhYU5Pw=="
        },
        "node_modules/brace-expansion": {
            "version": "2.0.1",
            "resolved": "https://registry.npmjs.org/brace-expansion/-/brace-expansion-2.0.1.tgz",
            "integrity": "sha512-XnAIvQ8eM+kC6aULx6wuQiwVsnzsi9d3WxzV3FpWTGA19F621kwdbsAcFKXgKUHZWsy+mY6iL1sHTxWEFCytDA==",
            "dependencies": {
                "balanced-match": "^1.0.0"
            }
        },
        "node_modules/busboy": {
            "version": "1.6.0",
            "resolved": "https://registry.npmjs.org/busboy/-/busboy-1.6.0.tgz",
            "integrity": "sha512-8SFQbg/0hQ9xy3UNTB0YEnsNBbWfhf7RtnzpL7TkBiTBRfrQ9Fxcnz7VJsleJpyp6rVLvXiuORqjlHi5q+PYuA==",
            "dependencies": {
                "streamsearch": "^1.1.0"
            },
            "engines": {
                "node": ">=10.16.0"
            }
        },
        "node_modules/discloud.app": {
            "version": "0.6.3",
            "resolved": "https://registry.npmjs.org/discloud.app/-/discloud.app-0.6.3.tgz",
            "integrity": "sha512-uRvFLCD3B38nULeNiSewVQZU17WnAkzBSfv7dyoKmmts5K462ODyzJ8VKSBaIJVoS7HeS2TPpsEUXJhuVkP3QA==",
            "dependencies": {
                "@discloudapp/api-types": "^0.2.7",
                "@discloudapp/rest": "^0.6.0",
                "@discloudapp/util": "^0.3.12",
                "undici": "^5.20.0"
            },
            "engines": {
                "node": ">=16.17"
            }
        },
        "node_modules/discord-api-types": {
            "version": "0.37.35",
            "resolved": "https://registry.npmjs.org/discord-api-types/-/discord-api-types-0.37.35.tgz",
            "integrity": "sha512-iyKZ/82k7FX3lcmHiAvvWu5TmyfVo78RtghBV/YsehK6CID83k5SI03DKKopBcln+TiEIYw5MGgq7SJXSpNzMg==",
            "optional": true
        },
        "node_modules/dotenv": {
            "version": "16.0.3",
            "resolved": "https://registry.npmjs.org/dotenv/-/dotenv-16.0.3.tgz",
            "integrity": "sha512-7GO6HghkA5fYG9TYnNxi14/7K9f5occMlp3zXAuSxn7CKCxt9xbNWG7yF8hTCSUchlfWSe3uLmlPfigevRItzQ==",
            "engines": {
                "node": ">=12"
            }
        },
        "node_modules/fs-jetpack": {
            "version": "5.1.0",
            "resolved": "https://registry.npmjs.org/fs-jetpack/-/fs-jetpack-5.1.0.tgz",
            "integrity": "sha512-Xn4fDhLydXkuzepZVsr02jakLlmoARPy+YWIclo4kh0GyNGUHnTqeH/w/qIsVn50dFxtp8otPL2t/HcPJBbxUA==",
            "dependencies": {
                "minimatch": "^5.1.0"
            }
        },
        "node_modules/minimatch": {
            "version": "5.1.6",
            "resolved": "https://registry.npmjs.org/minimatch/-/minimatch-5.1.6.tgz",
            "integrity": "sha512-lKwV/1brpG6mBUFHtb7NUmtABCb2WZZmm2wNiOA5hAb8VdCS4B3dtMWyvcoViccwAW/COERjXLt0zP1zXUN26g==",
            "dependencies": {
                "brace-expansion": "^2.0.1"
            },
            "engines": {
                "node": ">=10"
            }
        },
        "node_modules/oceanic.js": {
            "version": "1.5.0",
            "resolved": "https://registry.npmjs.org/oceanic.js/-/oceanic.js-1.5.0.tgz",
            "integrity": "sha512-BnfPhx1Ok3wPcNsQQNfOZOvbAWTCAeYtTX110urUx1dfIb99tYe3rrJPfmrAnYXY42UdqqesFZCQB978Hyzt3A==",
            "dependencies": {
                "undici": "^5.18.0",
                "ws": "^8.12.0"
            },
            "engines": {
                "node": ">=16.16.0"
            },
            "optionalDependencies": {
                "@discordjs/voice": "^0.14.0"
            }
        },
        "node_modules/prism-media": {
            "version": "1.3.5",
            "resolved": "https://registry.npmjs.org/prism-media/-/prism-media-1.3.5.tgz",
            "integrity": "sha512-IQdl0Q01m4LrkN1EGIE9lphov5Hy7WWlH6ulf5QdGePLlPas9p2mhgddTEHrlaXYjjFToM1/rWuwF37VF4taaA==",
            "optional": true,
            "peerDependencies": {
                "@discordjs/opus": ">=0.8.0 <1.0.0",
                "ffmpeg-static": "^5.0.2 || ^4.2.7 || ^3.0.0 || ^2.4.0",
                "node-opus": "^0.3.3",
                "opusscript": "^0.0.8"
            },
            "peerDependenciesMeta": {
                "@discordjs/opus": {
                    "optional": true
                },
                "ffmpeg-static": {
                    "optional": true
                },
                "node-opus": {
                    "optional": true
                },
                "opusscript": {
                    "optional": true
                }
            }
        },
        "node_modules/streamsearch": {
            "version": "1.1.0",
            "resolved": "https://registry.npmjs.org/streamsearch/-/streamsearch-1.1.0.tgz",
            "integrity": "sha512-Mcc5wHehp9aXz1ax6bZUyY5afg9u2rv5cqQI3mRrYkGC8rW2hM02jWuwjtL++LS5qinSyhj2QfLyNsuc+VsExg==",
            "engines": {
                "node": ">=10.0.0"
            }
        },
        "node_modules/tslib": {
            "version": "2.5.0",
            "resolved": "https://registry.npmjs.org/tslib/-/tslib-2.5.0.tgz",
            "integrity": "sha512-336iVw3rtn2BUK7ORdIAHTyxHGRIHVReokCR3XjbckJMK7ms8FysBfhLR8IXnAgy7T0PTPNBWKiH514FOW/WSg==",
            "optional": true
        },
        "node_modules/typescript": {
            "version": "4.9.5",
            "resolved": "https://registry.npmjs.org/typescript/-/typescript-4.9.5.tgz",
            "integrity": "sha512-1FXk9E2Hm+QzZQ7z+McJiHL4NW1F2EzMu9Nq9i3zAaGqibafqYwCVU6WyWAuyQRRzOlxou8xZSyXLEN8oKj24g==",
            "bin": {
                "tsc": "bin/tsc",
                "tsserver": "bin/tsserver"
            },
            "engines": {
                "node": ">=4.2.0"
            }
        },
        "node_modules/undici": {
            "version": "5.20.0",
            "resolved": "https://registry.npmjs.org/undici/-/undici-5.20.0.tgz",
            "integrity": "sha512-J3j60dYzuo6Eevbawwp1sdg16k5Tf768bxYK4TUJRH7cBM4kFCbf3mOnM/0E3vQYXvpxITbbWmBafaDbxLDz3g==",
            "dependencies": {
                "busboy": "^1.6.0"
            },
            "engines": {
                "node": ">=12.18"
            }
        },
        "node_modules/ws": {
            "version": "8.12.1",
            "resolved": "https://registry.npmjs.org/ws/-/ws-8.12.1.tgz",
            "integrity": "sha512-1qo+M9Ba+xNhPB+YTWUlK6M17brTut5EXbcBaMRN5pH5dFrXz7lzz1ChFSUq3bOUl8yEvSenhHmYUNJxFzdJew==",
            "engines": {
                "node": ">=10.0.0"
            },
            "peerDependencies": {
                "bufferutil": "^4.0.1",
                "utf-8-validate": ">=5.0.2"
            },
            "peerDependenciesMeta": {
                "bufferutil": {
                    "optional": true
                },
                "utf-8-validate": {
                    "optional": true
                }
            }
        }
    }
}
